Microsoft Visual Studio Solution File, Format Version 11.00
# Visual Studio 2010
Project("{8BC9CEB8-8B4A-11D0-8D11-00A0C91BC942}") = "JXRGlueLib", "..\JXRGlueLib\JXRGlueLib_vc11.vcxproj", "{A69603CC-65E8-443F-8E31-737DBD6BB0DB}"
EndProject
Project("{8BC9CEB8-8B4A-11D0-8D11-00A0C91BC942}") = "JXRCommonLib", "..\image\VC11Projects\CommonLib_vc11.vcxproj", "{4B4C055C-170E-4DCF-8F73-BED91BE7CFA4}"
EndProject
Project("{8BC9CEB8-8B4A-11D0-8D11-00A0C91BC942}") = "JXREncodeLib", "..\image\VC11Projects\EncodeLib_vc11.vcxproj", "{F99F7B19-47A6-4677-94F2-93C12CF1FB97}"
EndProject
Project("{8BC9CEB8-8B4A-11D0-8D11-00A0C91BC942}") = "JXRDecodeLib", "..\image\VC11Projects\DecodeLib_vc11.vcxproj", "{F3DED308-7A6F-4B9F-8EDF-AF99DEC8BDE3}"
EndProject
Project("{8BC9CEB8-8B4A-11D0-8D11-00A0C91BC942}") = "JXRDecApp", "JXRDecApp_vc11.vcxproj", "{472FCCAF-BDFE-4F36-BEEF-09C242F4A98A}"
EndProject
Project("{8BC9CEB8-8B4A-11D0-8D11-00A0C91BC942}") = "JXREncApp", "JXREncApp_vc11.vcxproj", "{FCC17C5C-51B5-44CA-9D70-6C8384AE86E6}"
EndProject
Project("{8BC9CEB8-8B4A-11D0-8D11-00A0C91BC942}") = "JXRTestLib", "..\JXRTestlib\JXRTestLib_vc11.vcxproj", "{A69603CC-65E8-443F-8E31-737DBD6BB0DC}"
EndProject
Global
	GlobalSection(SolutionConfigurationPlatforms) = preSolution
		Debug|Win32 = Debug|Win32
		Debug|x64 = Debug|x64
		Release|Win32 = Release|Win32
		Release|x64 = Release|x64
	EndGlobalSection
	GlobalSection(ProjectConfigurationPlatforms) = postSolution
		{A69603CC-65E8-443F-8E31-737DBD6BB0DB}.Debug|Win32.ActiveCfg = Debug|Win32
		{A69603CC-65E8-443F-8E31-737DBD6BB0DB}.Debug|Win32.Build.0 = Debug|Win32
		{A69603CC-65E8-443F-8E31-737DBD6BB0DB}.Debug|x64.ActiveCfg = Debug|x64
		{A69603CC-65E8-443F-8E31-737DBD6BB0DB}.Debug|x64.Build.0 = Debug|x64
		{A69603CC-65E8-443F-8E31-737DBD6BB0DB}.Release|Win32.ActiveCfg = Release|Win32
		{A69603CC-65E8-443F-8E31-737DBD6BB0DB}.Release|Win32.Build.0 = Release|Win32
		{A69603CC-65E8-443F-8E31-737DBD6BB0DB}.Release|x64.ActiveCfg = Release|x64
		{A69603CC-65E8-443F-8E31-737DBD6BB0DB}.Release|x64.Build.0 = Release|x64
		{4B4C055C-170E-4DCF-8F73-BED91BE7CFA4}.Debug|Win32.ActiveCfg = Debug|Win32
		{4B4C055C-170E-4DCF-8F73-BED91BE7CFA4}.Debug|Win32.Build.0 = Debug|Win32
		{4B4C055C-170E-4DCF-8F73-BED91BE7CFA4}.Debug|x64.ActiveCfg = Debug|x64
		{4B4C055C-170E-4DCF-8F73-BED91BE7CFA4}.Debug|x64.Build.0 = Debug|x64
		{4B4C055C-170E-4DCF-8F73-BED91BE7CFA4}.Release|Win32.ActiveCfg = Release|Win32
		{4B4C055C-170E-4DCF-8F73-BED91BE7CFA4}.Release|Win32.Build.0 = Release|Win32
		{4B4C055C-170E-4DCF-8F73-BED91BE7CFA4}.Release|x64.ActiveCfg = Release|x64
		{4B4C055C-170E-4DCF-8F73-BED91BE7CFA4}.Release|x64.Build.0 = Release|x64
		{F99F7B19-47A6-4677-94F2-93C12CF1FB97}.Debug|Win32.ActiveCfg = Debug|Win32
		{F99F7B19-47A6-4677-94F2-93C12CF1FB97}.Debug|Win32.Build.0 = Debug|Win32
		{F99F7B19-47A6-4677-94F2-93C12CF1FB97}.Debug|x64.ActiveCfg = Debug|x64
		{F99F7B19-47A6-4677-94F2-93C12CF1FB97}.Debug|x64.Build.0 = Debug|x64
		{F99F7B19-47A6-4677-94F2-93C12CF1FB97}.Release|Win32.ActiveCfg = Release|Win32
		{F99F7B19-47A6-4677-94F2-93C12CF1FB97}.Release|Win32.Build.0 = Release|Win32
		{F99F7B19-47A6-4677-94F2-93C12CF1FB97}.Release|x64.ActiveCfg = Release|x64
		{F99F7B19-47A6-4677-94F2-93C12CF1FB97}.Release|x64.Build.0 = Release|x64
		{F3DED308-7A6F-4B9F-8EDF-AF99DEC8BDE3}.Debug|Win32.ActiveCfg = Debug|Win32
		{F3DED308-7A6F-4B9F-8EDF-AF99DEC8BDE3}.Debug|Win32.Build.0 = Debug|Win32
		{F3DED308-7A6F-4B9F-8EDF-AF99DEC8BDE3}.Debug|x64.ActiveCfg = Debug|x64
		{F3DED308-7A6F-4B9F-8EDF-AF99DEC8BDE3}.Debug|x64.Build.0 = Debug|x64
		{F3DED308-7A6F-4B9F-8EDF-AF99DEC8BDE3}.Release|Win32.ActiveCfg = Release|Win32
		{F3DED308-7A6F-4B9F-8EDF-AF99DEC8BDE3}.Release|Win32.Build.0 = Release|Win32
		{F3DED308-7A6F-4B9F-8EDF-AF99DEC8BDE3}.Release|x64.ActiveCfg = Release|x64
		{F3DED308-7A6F-4B9F-8EDF-AF99DEC8BDE3}.Release|x64.Build.0 = Release|x64
		{472FCCAF-BDFE-4F36-BEEF-09C242F4A98A}.Debug|Win32.ActiveCfg = Debug|Win32
		{472FCCAF-BDFE-4F36-BEEF-09C242F4A98A}.Debug|Win32.Build.0 = Debug|Win32
		{472FCCAF-BDFE-4F36-BEEF-09C242F4A98A}.Debug|x64.ActiveCfg = Debug|x64
		{472FCCAF-BDFE-4F36-BEEF-09C242F4A98A}.Debug|x64.Build.0 = Debug|x64
		{472FCCAF-BDFE-4F36-BEEF-09C242F4A98A}.Release|Win32.ActiveCfg = Release|Win32
		{472FCCAF-BDFE-4F36-BEEF-09C242F4A98A}.Release|Win32.Build.0 = Release|Win32
		{472FCCAF-BDFE-4F36-BEEF-09C242F4A98A}.Release|x64.ActiveCfg = Release|x64
		{472FCCAF-BDFE-4F36-BEEF-09C242F4A98A}.Release|x64.Build.0 = Release|x64
		{FCC17C5C-51B5-44CA-9D70-6C8384AE86E6}.Debug|Win32.ActiveCfg = Debug|Win32
		{FCC17C5C-51B5-44CA-9D70-6C8384AE86E6}.Debug|Win32.Build.0 = Debug|Win32
		{FCC17C5C-51B5-44CA-9D70-6C8384AE86E6}.Debug|x64.ActiveCfg = Debug|x64
		{FCC17C5C-51B5-44CA-9D70-6C8384AE86E6}.Debug|x64.Build.0 = Debug|x64
		{FCC17C5C-51B5-44CA-9D70-6C8384AE86E6}.Release|Win32.ActiveCfg = Release|Win32
		{FCC17C5C-51B5-44CA-9D70-6C8384AE86E6}.Release|Win32.Build.0 = Release|Win32
		{FCC17C5C-51B5-44CA-9D70-6C8384AE86E6}.Release|x64.ActiveCfg = Release|x64
		{FCC17C5C-51B5-44CA-9D70-6C8384AE86E6}.Release|x64.Build.0 = Release|x64
		{A69603CC-65E8-443F-8E31-737DBD6BB0DC}.Debug|Win32.ActiveCfg = Debug|Win32
		{A69603CC-65E8-443F-8E31-737DBD6BB0DC}.Debug|Win32.Build.0 = Debug|Win32
		{A69603CC-65E8-443F-8E31-737DBD6BB0DC}.Debug|x64.ActiveCfg = Debug|x64
		{A69603CC-65E8-443F-8E31-737DBD6BB0DC}.Debug|x64.Build.0 = Debug|x64
		{A69603CC-65E8-443F-8E31-737DBD6BB0DC}.Release|Win32.ActiveCfg = Release|Win32
		{A69603CC-65E8-443F-8E31-737DBD6BB0DC}.Release|Win32.Build.0 = Release|Win32
		{A69603CC-65E8-443F-8E31-737DBD6BB0DC}.Release|x64.ActiveCfg = Release|x64
		{A69603CC-65E8-443F-8E31-737DBD6BB0DC}.Release|x64.Build.0 = Release|x64
	EndGlobalSection
	GlobalSection(SolutionProperties) = preSolution
		HideSolutionNode = FALSE
	EndGlobalSection
EndGlobal
